// !$*UTF8*$!
{
	archiveVersion = 1;
	classes = {
	};
	objectVersion = 56;
	objects = {

/* Begin PBXBuildFile section */
		374551922A63057500D9E98E /* DiceyApp.swift in Sources */ = {isa = PBXBuildFile; fileRef = 374551912A63057500D9E98E /* DiceyApp.swift */; };
		374551942A63057500D9E98E /* ContentView.swift in Sources */ = {isa = PBXBuildFile; fileRef = 374551932A63057500D9E98E /* ContentView.swift */; };
		374551962A63057600D9E98E /* Assets.xcassets in Resources */ = {isa = PBXBuildFile; fileRef = 374551952A63057600D9E98E /* Assets.xcassets */; };
		374551992A63057600D9E98E /* Preview Assets.xcassets in Resources */ = {isa = PBXBuildFile; fileRef = 374551982A63057600D9E98E /* Preview Assets.xcassets */; };
		374551A32A63057600D9E98E /* DiceyTests.swift in Sources */ = {isa = PBXBuildFile; fileRef = 374551A22A63057600D9E98E /* DiceyTests.swift */; };
		374551AD2A63057600D9E98E /* DiceyUITests.swift in Sources */ = {isa = PBXBuildFile; fileRef = 374551AC2A63057600D9E98E /* DiceyUITests.swift */; };
		374551AF2A63057600D9E98E /* DiceyUITestsLaunchTests.swift in Sources */ = {isa = PBXBuildFile; fileRef = 374551AE2A63057600D9E98E /* DiceyUITestsLaunchTests.swift */; };
/* End PBXBuildFile section */

/* Begin PBXContainerItemProxy section */
		3745519F2A63057600D9E98E /* PBXContainerItemProxy */ = {
			isa = PBXContainerItemProxy;
			containerPortal = 374551862A63057500D9E98E /* Project object */;
			proxyType = 1;
			remoteGlobalIDString = 3745518D2A63057500D9E98E;
			remoteInfo = Dicey;
		};
		374551A92A63057600D9E98E /* PBXContainerItemProxy */ = {
			isa = PBXContainerItemProxy;
			containerPortal = 374551862A63057500D9E98E /* Project object */;
			proxyType = 1;
			remoteGlobalIDString = 3745518D2A63057500D9E98E;
			remoteInfo = Dicey;
		};
/* End PBXContainerItemProxy section */

/* Begin PBXFileReference section */
		3745518E2A63057500D9E98E /* Dicey.app */ = {isa = PBXFileReference; explicitFileType = wrapper.application; includeInIndex = 0; path = Dicey.app; sourceTree = BUILT_PRODUCTS_DIR; };
		374551912A63057500D9E98E /* DiceyApp.swift */ = {isa = PBXFileReference; lastKnownFileType = sourcecode.swift; path = DiceyApp.swift; sourceTree = "<group>"; };
		374551932A63057500D9E98E /* ContentView.swift */ = {isa = PBXFileReference; lastKnownFileType = sourcecode.swift; path = ContentView.swift; sourceTree = "<group>"; };
		374551952A63057600D9E98E /* Assets.xcassets */ = {isa = PBXFileReference; lastKnownFileType = folder.assetcatalog; path = Assets.xcassets; sourceTree = "<group>"; };
		374551982A63057600D9E98E /* Preview Assets.xcassets */ = {isa = PBXFileReference; lastKnownFileType = folder.assetcatalog; path = "Preview Assets.xcassets"; sourceTree = "<group>"; };
		3745519E2A63057600D9E98E /* DiceyTests.xctest */ = {isa = PBXFileReference; explicitFileType = wrapper.cfbundle; includeInIndex = 0; path = DiceyTests.xctest; sourceTree = BUILT_PRODUCTS_DIR; };
		374551A22A63057600D9E98E /* DiceyTests.swift */ = {isa = PBXFileReference; lastKnownFileType = sourcecode.swift; path = DiceyTests.swift; sourceTree = "<group>"; };
		374551A82A63057600D9E98E /* DiceyUITests.xctest */ = {isa = PBXFileReference; explicitFileType = wrapper.cfbundle; includeInIndex = 0; path = DiceyUITests.xctest; sourceTree = BUILT_PRODUCTS_DIR; };
		374551AC2A63057600D9E98E /* DiceyUITests.swift */ = {isa = PBXFileReference; lastKnownFileType = sourcecode.swift; path = DiceyUITests.swift; sourceTree = "<group>"; };
		374551AE2A63057600D9E98E /* DiceyUITestsLaunchTests.swift */ = {isa = PBXFileReference; lastKnownFileType = sourcecode.swift; path = DiceyUITestsLaunchTests.swift; sourceTree = "<group>"; };
/* End PBXFileReference section */

/* Begin PBXFrameworksBuildPhase section */
		3745518B2A63057500D9E98E /* Frameworks */ = {
			isa = PBXFrameworksBuildPhase;
			buildActionMask = 2147483647;
			files = (
			);
			runOnlyForDeploymentPostprocessing = 0;
		};
		3745519B2A63057600D9E98E /* Frameworks */ = {
			isa = PBXFrameworksBuildPhase;
			buildActionMask = 2147483647;
			files = (
			);
			runOnlyForDeploymentPostprocessing = 0;
		};
		374551A52A63057600D9E98E /* Frameworks */ = {
			isa = PBXFrameworksBuildPhase;
			buildActionMask = 2147483647;
			files = (
			);
			runOnlyForDeploymentPostprocessing = 0;
		};
/* End PBXFrameworksBuildPhase section */

/* Begin PBXGroup section */
		374551852A63057500D9E98E = {
			isa = PBXGroup;
			children = (
				374551902A63057500D9E98E /* Dicey */,
				374551A12A63057600D9E98E /* DiceyTests */,
				374551AB2A63057600D9E98E /* DiceyUITests */,
				3745518F2A63057500D9E98E /* Products */,
			);
			sourceTree = "<group>";
		};
		3745518F2A63057500D9E98E /* Products */ = {
			isa = PBXGroup;
			children = (
				3745518E2A63057500D9E98E /* Dicey.app */,
				3745519E2A63057600D9E98E /* DiceyTests.xctest */,
				374551A82A63057600D9E98E /* DiceyUITests.xctest */,
			);
			name = Products;
			sourceTree = "<group>";
		};
		374551902A63057500D9E98E /* Dicey */ = {
			isa = PBXGroup;
			children = (
				374551912A63057500D9E98E /* DiceyApp.swift */,
				374551932A63057500D9E98E /* ContentView.swift */,
				374551952A63057600D9E98E /* Assets.xcassets */,
				374551972A63057600D9E98E /* Preview Content */,
			);
			path = Dicey;
			sourceTree = "<group>";
		};
		374551972A63057600D9E98E /* Preview Content */ = {
			isa = PBXGroup;
			children = (
				374551982A63057600D9E98E /* Preview Assets.xcassets */,
			);
			path = "Preview Content";
			sourceTree = "<group>";
		};
		374551A12A63057600D9E98E /* DiceyTests */ = {
			isa = PBXGroup;
			children = (
				374551A22A63057600D9E98E /* DiceyTests.swift */,
			);
			path = DiceyTests;
			sourceTree = "<group>";
		};
		374551AB2A63057600D9E98E /* DiceyUITests */ = {
			isa = PBXGroup;
			children = (
				374551AC2A63057600D9E98E /* DiceyUITests.swift */,
				374551AE2A63057600D9E98E /* DiceyUITestsLaunchTests.swift */,
			);
			path = DiceyUITests;
			sourceTree = "<group>";
		};
/* End PBXGroup section */

/* Begin PBXNativeTarget section */
		3745518D2A63057500D9E98E /* Dicey */ = {
			isa = PBXNativeTarget;
			buildConfigurationList = 374551B22A63057600D9E98E /* Build configuration list for PBXNativeTarget "Dicey" */;
			buildPhases = (
				3745518A2A63057500D9E98E /* Sources */,
				3745518B2A63057500D9E98E /* Frameworks */,
				3745518C2A63057500D9E98E /* Resources */,
			);
			buildRules = (
			);
			dependencies = (
			);
			name = Dicey;
			productName = Dicey;
			productReference = 3745518E2A63057500D9E98E /* Dicey.app */;
			productType = "com.apple.product-type.application";
		};
		3745519D2A63057600D9E98E /* DiceyTests */ = {
			isa = PBXNativeTarget;
			buildConfigurationList = 374551B52A63057600D9E98E /* Build configuration list for PBXNativeTarget "DiceyTests" */;
			buildPhases = (
				3745519A2A63057600D9E98E /* Sources */,
				3745519B2A63057600D9E98E /* Frameworks */,
				3745519C2A63057600D9E98E /* Resources */,
			);
			buildRules = (
			);
			dependencies = (
				374551A02A63057600D9E98E /* PBXTargetDependency */,
			);
			name = DiceyTests;
			productName = DiceyTests;
			productReference = 3745519E2A63057600D9E98E /* DiceyTests.xctest */;
			productType = "com.apple.product-type.bundle.unit-test";
		};
		374551A72A63057600D9E98E /* DiceyUITests */ = {
			isa = PBXNativeTarget;
			buildConfigurationList = 374551B82A63057600D9E98E /* Build configuration list for PBXNativeTarget "DiceyUITests" */;
			buildPhases = (
				374551A42A63057600D9E98E /* Sources */,
				374551A52A63057600D9E98E /* Frameworks */,
				374551A62A63057600D9E98E /* Resources */,
			);
			buildRules = (
			);
			dependencies = (
				374551AA2A63057600D9E98E /* PBXTargetDependency */,
			);
			name = DiceyUITests;
			productName = DiceyUITests;
			productReference = 374551A82A63057600D9E98E /* DiceyUITests.xctest */;
			productType = "com.apple.product-type.bundle.ui-testing";
		};
/* End PBXNativeTarget section */

/* Begin PBXProject section */
		374551862A63057500D9E98E /* Project object */ = {
			isa = PBXProject;
			attributes = {
				BuildIndependentTargetsInParallel = 1;
				LastSwiftUpdateCheck = 1430;
				LastUpgradeCheck = 1430;
				TargetAttributes = {
					3745518D2A63057500D9E98E = {
						CreatedOnToolsVersion = 14.3.1;
					};
					3745519D2A63057600D9E98E = {
						CreatedOnToolsVersion = 14.3.1;
						TestTargetID = 3745518D2A63057500D9E98E;
					};
					374551A72A63057600D9E98E = {
						CreatedOnToolsVersion = 14.3.1;
						TestTargetID = 3745518D2A63057500D9E98E;
					};
				};
			};
			buildConfigurationList = 374551892A63057500D9E98E /* Build configuration list for PBXProject "Dicey" */;
			compatibilityVersion = "Xcode 14.0";
			developmentRegion = en;
			hasScannedForEncodings = 0;
			knownRegions = (
				en,
				Base,
			);
			mainGroup = 374551852A63057500D9E98E;
			productRefGroup = 3745518F2A63057500D9E98E /* Products */;
			projectDirPath = "";
			projectRoot = "";
			targets = (
				3745518D2A63057500D9E98E /* Dicey */,
				3745519D2A63057600D9E98E /* DiceyTests */,
				374551A72A63057600D9E98E /* DiceyUITests */,
			);
		};
/* End PBXProject section */

/* Begin PBXResourcesBuildPhase section */
		3745518C2A63057500D9E98E /* Resources */ = {
			isa = PBXResourcesBuildPhase;
			buildActionMask = 2147483647;
			files = (
				374551992A63057600D9E98E /* Preview Assets.xcassets in Resources */,
				374551962A63057600D9E98E /* Assets.xcassets in Resources */,
			);
			runOnlyForDeploymentPostprocessing = 0;
		};
		3745519C2A63057600D9E98E /* Resources */ = {
			isa = PBXResourcesBuildPhase;
			buildActionMask = 2147483647;
			files = (
			);
			runOnlyForDeploymentPostprocessing = 0;
		};
		374551A62A63057600D9E98E /* Resources */ = {
			isa = PBXResourcesBuildPhase;
			buildActionMask = 2147483647;
			files = (
			);
			runOnlyForDeploymentPostprocessing = 0;
		};
/* End PBXResourcesBuildPhase section */

/* Begin PBXSourcesBuildPhase section */
		3745518A2A63057500D9E98E /* Sources */ = {
			isa = PBXSourcesBuildPhase;
			buildActionMask = 2147483647;
			files = (
				374551942A63057500D9E98E /* ContentView.swift in Sources */,
				374551922A63057500D9E98E /* DiceyApp.swift in Sources */,
			);
			runOnlyForDeploymentPostprocessing = 0;
		};
		3745519A2A63057600D9E98E /* Sources */ = {
			isa = PBXSourcesBuildPhase;
			buildActionMask = 2147483647;
			files = (
				374551A32A63057600D9E98E /* DiceyTests.swift in Sources */,
			);
			runOnlyForDeploymentPostprocessing = 0;
		};
		374551A42A63057600D9E98E /* Sources */ = {
			isa = PBXSourcesBuildPhase;
			buildActionMask = 2147483647;
			files = (
				374551AD2A63057600D9E98E /* DiceyUITests.swift in Sources */,
				374551AF2A63057600D9E98E /* DiceyUITestsLaunchTests.swift in Sources */,
			);
			runOnlyForDeploymentPostprocessing = 0;
		};
/* End PBXSourcesBuildPhase section */

/* Begin PBXTargetDependency section */
		374551A02A63057600D9E98E /* PBXTargetDependency */ = {
			isa = PBXTargetDependency;
			target = 3745518D2A63057500D9E98E /* Dicey */;
			targetProxy = 3745519F2A63057600D9E98E /* PBXContainerItemProxy */;
		};
		374551AA2A63057600D9E98E /* PBXTargetDependency */ = {
			isa = PBXTargetDependency;
			target = 3745518D2A63057500D9E98E /* Dicey */;
			targetProxy = 374551A92A63057600D9E98E /* PBXContainerItemProxy */;
		};
/* End PBXTargetDependency section */

/* Begin XCBuildConfiguration section */
		374551B02A63057600D9E98E /* Debug */ = {
			isa = XCBuildConfiguration;
			buildSettings = {
				ALWAYS_SEARCH_USER_PATHS = NO;
				CLANG_ANALYZER_NONNULL = YES;
				CLANG_ANALYZER_NUMBER_OBJECT_CONVERSION = YES_AGGRESSIVE;
				CLANG_CXX_LANGUAGE_STANDARD = "gnu++20";
				CLANG_ENABLE_MODULES = YES;
				CLANG_ENABLE_OBJC_ARC = YES;
				CLANG_ENABLE_OBJC_WEAK = YES;
				CLANG_WARN_BLOCK_CAPTURE_AUTORELEASING = YES;
				CLANG_WARN_BOOL_CONVERSION = YES;
				CLANG_WARN_COMMA = YES;
				CLANG_WARN_CONSTANT_CONVERSION = YES;
				CLANG_WARN_DEPRECATED_OBJC_IMPLEMENTATIONS = YES;
				CLANG_WARN_DIRECT_OBJC_ISA_USAGE = YES_ERROR;
				CLANG_WARN_DOCUMENTATION_COMMENTS = YES;
				CLANG_WARN_EMPTY_BODY = YES;
				CLANG_WARN_ENUM_CONVERSION = YES;
				CLANG_WARN_INFINITE_RECURSION = YES;
				CLANG_WARN_INT_CONVERSION = YES;
				CLANG_WARN_NON_LITERAL_NULL_CONVERSION = YES;
				CLANG_WARN_OBJC_IMPLICIT_RETAIN_SELF = YES;
				CLANG_WARN_OBJC_LITERAL_CONVERSION = YES;
				CLANG_WARN_OBJC_ROOT_CLASS = YES_ERROR;
				CLANG_WARN_QUOTED_INCLUDE_IN_FRAMEWORK_HEADER = YES;
				CLANG_WARN_RANGE_LOOP_ANALYSIS = YES;
				CLANG_WARN_STRICT_PROTOTYPES = YES;
				CLANG_WARN_SUSPICIOUS_MOVE = YES;
				CLANG_WARN_UNGUARDED_AVAILABILITY = YES_AGGRESSIVE;
				CLANG_WARN_UNREACHABLE_CODE = YES;
				CLANG_WARN__DUPLICATE_METHOD_MATCH = YES;
				COPY_PHASE_STRIP = NO;
				DEBUG_INFORMATION_FORMAT = dwarf;
				ENABLE_STRICT_OBJC_MSGSEND = YES;
				ENABLE_TESTABILITY = YES;
				GCC_C_LANGUAGE_STANDARD = gnu11;
				GCC_DYNAMIC_NO_PIC = NO;
				GCC_NO_COMMON_BLOCKS = YES;
				GCC_OPTIMIZATION_LEVEL = 0;
				GCC_PREPROCESSOR_DEFINITIONS = (
					"DEBUG=1",
					"$(inherited)",
				);
				GCC_WARN_64_TO_32_BIT_CONVERSION = YES;
				GCC_WARN_ABOUT_RETURN_TYPE = YES_ERROR;
				GCC_WARN_UNDECLARED_SELECTOR = YES;
				GCC_WARN_UNINITIALIZED_AUTOS = YES_AGGRESSIVE;
				GCC_WARN_UNUSED_FUNCTION = YES;
				GCC_WARN_UNUSED_VARIABLE = YES;
				IPHONEOS_DEPLOYMENT_TARGET = 16.4;
				MTL_ENABLE_DEBUG_INFO = INCLUDE_SOURCE;
				MTL_FAST_MATH = YES;
				ONLY_ACTIVE_ARCH = YES;
				SDKROOT = iphoneos;
				SWIFT_ACTIVE_COMPILATION_CONDITIONS = DEBUG;
				SWIFT_OPTIMIZATION_LEVEL = "-Onone";
			};
			name = Debug;
		};
		374551B12A63057600D9E98E /* Release */ = {
			isa = XCBuildConfiguration;
			buildSettings = {
				ALWAYS_SEARCH_USER_PATHS = NO;
				CLANG_ANALYZER_NONNULL = YES;
				CLANG_ANALYZER_NUMBER_OBJECT_CONVERSION = YES_AGGRESSIVE;
				CLANG_CXX_LANGUAGE_STANDARD = "gnu++20";
				CLANG_ENABLE_MODULES = YES;
				CLANG_ENABLE_OBJC_ARC = YES;
				CLANG_ENABLE_OBJC_WEAK = YES;
				CLANG_WARN_BLOCK_CAPTURE_AUTORELEASING = YES;
				CLANG_WARN_BOOL_CONVERSION = YES;
				CLANG_WARN_COMMA = YES;
				CLANG_WARN_CONSTANT_CONVERSION = YES;
				CLANG_WARN_DEPRECATED_OBJC_IMPLEMENTATIONS = YES;
				CLANG_WARN_DIRECT_OBJC_ISA_USAGE = YES_ERROR;
				CLANG_WARN_DOCUMENTATION_COMMENTS = YES;
				CLANG_WARN_EMPTY_BODY = YES;
				CLANG_WARN_ENUM_CONVERSION = YES;
				CLANG_WARN_INFINITE_RECURSION = YES;
				CLANG_WARN_INT_CONVERSION = YES;
				CLANG_WARN_NON_LITERAL_NULL_CONVERSION = YES;
				CLANG_WARN_OBJC_IMPLICIT_RETAIN_SELF = YES;
				CLANG_WARN_OBJC_LITERAL_CONVERSION = YES;
				CLANG_WARN_OBJC_ROOT_CLASS = YES_ERROR;
				CLANG_WARN_QUOTED_INCLUDE_IN_FRAMEWORK_HEADER = YES;
				CLANG_WARN_RANGE_LOOP_ANALYSIS = YES;
				CLANG_WARN_STRICT_PROTOTYPES = YES;
				CLANG_WARN_SUSPICIOUS_MOVE = YES;
				CLANG_WARN_UNGUARDED_AVAILABILITY = YES_AGGRESSIVE;
				CLANG_WARN_UNREACHABLE_CODE = YES;
				CLANG_WARN__DUPLICATE_METHOD_MATCH = YES;
				COPY_PHASE_STRIP = NO;
				DEBUG_INFORMATION_FORMAT = "dwarf-with-dsym";
				ENABLE_NS_ASSERTIONS = NO;
				ENABLE_STRICT_OBJC_MSGSEND = YES;
				GCC_C_LANGUAGE_STANDARD = gnu11;
				GCC_NO_COMMON_BLOCKS = YES;
				GCC_WARN_64_TO_32_BIT_CONVERSION = YES;
				GCC_WARN_ABOUT_RETURN_TYPE = YES_ERROR;
				GCC_WARN_UNDECLARED_SELECTOR = YES;
				GCC_WARN_UNINITIALIZED_AUTOS = YES_AGGRESSIVE;
				GCC_WARN_UNUSED_FUNCTION = YES;
				GCC_WARN_UNUSED_VARIABLE = YES;
				IPHONEOS_DEPLOYMENT_TARGET = 16.4;
				MTL_ENABLE_DEBUG_INFO = NO;
				MTL_FAST_MATH = YES;
				SDKROOT = iphoneos;
				SWIFT_COMPILATION_MODE = wholemodule;
				SWIFT_OPTIMIZATION_LEVEL = "-O";
				VALIDATE_PRODUCT = YES;
			};
			name = Release;
		};
		374551B32A63057600D9E98E /* Debug */ = {
			isa = XCBuildConfiguration;
			buildSettings = {
				ASSETCATALOG_COMPILER_APPICON_NAME = AppIcon;
				ASSETCATALOG_COMPILER_GLOBAL_ACCENT_COLOR_NAME = AccentColor;
				CODE_SIGN_STYLE = Automatic;
				CURRENT_PROJECT_VERSION = 1;
				DEVELOPMENT_ASSET_PATHS = "\"Dicey/Preview Content\"";
				DEVELOPMENT_TEAM = 36LZ9MZC38;
				ENABLE_PREVIEWS = YES;
				GENERATE_INFOPLIST_FILE = YES;
				INFOPLIST_KEY_UIApplicationSceneManifest_Generation = YES;
				INFOPLIST_KEY_UIApplicationSupportsIndirectInputEvents = YES;
				INFOPLIST_KEY_UILaunchScreen_Generation = YES;
				INFOPLIST_KEY_UISupportedInterfaceOrientations_iPad = "UIInterfaceOrientationPortrait UIInterfaceOrientationPortraitUpsideDown UIInterfaceOrientationLandscapeLeft UIInterfaceOrientationLandscapeRight";
				INFOPLIST_KEY_UISupportedInterfaceOrientations_iPhone = "UIInterfaceOrientationPortrait UIInterfaceOrientationLandscapeLeft UIInterfaceOrientationLandscapeRight";
				LD_RUNPATH_SEARCH_PATHS = (
					"$(inherited)",
					"@executable_path/Frameworks",
				);
				MARKETING_VERSION = 1.0;
				PRODUCT_BUNDLE_IDENTIFIER = com.SeekingSophia.Dicey;
				PRODUCT_NAME = "$(TARGET_NAME)";
				SWIFT_EMIT_LOC_STRINGS = YES;
				SWIFT_VERSION = 5.0;
				TARGETED_DEVICE_FAMILY = "1,2";
			};
			name = Debug;
		};
		374551B42A63057600D9E98E /* Release */ = {
			isa = XCBuildConfiguration;
			buildSettings = {
				ASSETCATALOG_COMPILER_APPICON_NAME = AppIcon;
				ASSETCATALOG_COMPILER_GLOBAL_ACCENT_COLOR_NAME = AccentColor;
				CODE_SIGN_STYLE = Automatic;
				CURRENT_PROJECT_VERSION = 1;
				DEVELOPMENT_ASSET_PATHS = "\"Dicey/Preview Content\"";
				DEVELOPMENT_TEAM = 36LZ9MZC38;
				ENABLE_PREVIEWS = YES;
				GENERATE_INFOPLIST_FILE = YES;
				INFOPLIST_KEY_UIApplicationSceneManifest_Generation = YES;
				INFOPLIST_KEY_UIApplicationSupportsIndirectInputEvents = YES;
				INFOPLIST_KEY_UILaunchScreen_Generation = YES;
				INFOPLIST_KEY_UISupportedInterfaceOrientations_iPad = "UIInterfaceOrientationPortrait UIInterfaceOrientationPortraitUpsideDown UIInterfaceOrientationLandscapeLeft UIInterfaceOrientationLandscapeRight";
				INFOPLIST_KEY_UISupportedInterfaceOrientations_iPhone = "UIInterfaceOrientationPortrait UIInterfaceOrientationLandscapeLeft UIInterfaceOrientationLandscapeRight";
				LD_RUNPATH_SEARCH_PATHS = (
					"$(inherited)",
					"@executable_path/Frameworks",
				);
				MARKETING_VERSION = 1.0;
				PRODUCT_BUNDLE_IDENTIFIER = com.SeekingSophia.Dicey;
				PRODUCT_NAME = "$(TARGET_NAME)";
				SWIFT_EMIT_LOC_STRINGS = YES;
				SWIFT_VERSION = 5.0;
				TARGETED_DEVICE_FAMILY = "1,2";
			};
			name = Release;
		};
		374551B62A63057600D9E98E /* Debug */ = {
			isa = XCBuildConfiguration;
			buildSettings = {
				ALWAYS_EMBED_SWIFT_STANDARD_LIBRARIES = YES;
				BUNDLE_LOADER = "$(TEST_HOST)";
				CODE_SIGN_STYLE = Automatic;
				CURRENT_PROJECT_VERSION = 1;
				DEVELOPMENT_TEAM = 36LZ9MZC38;
				GENERATE_INFOPLIST_FILE = YES;
				IPHONEOS_DEPLOYMENT_TARGET = 16.4;
				MARKETING_VERSION = 1.0;
				PRODUCT_BUNDLE_IDENTIFIER = com.SeekingSophia.DiceyTests;
				PRODUCT_NAME = "$(TARGET_NAME)";
				SWIFT_EMIT_LOC_STRINGS = NO;
				SWIFT_VERSION = 5.0;
				TARGETED_DEVICE_FAMILY = "1,2";
				TEST_HOST = "$(BUILT_PRODUCTS_DIR)/Dicey.app/$(BUNDLE_EXECUTABLE_FOLDER_PATH)/Dicey";
			};
			name = Debug;
		};
		374551B72A63057600D9E98E /* Release */ = {
			isa = XCBuildConfiguration;
			buildSettings = {
				ALWAYS_EMBED_SWIFT_STANDARD_LIBRARIES = YES;
				BUNDLE_LOADER = "$(TEST_HOST)";
				CODE_SIGN_STYLE = Automatic;
				CURRENT_PROJECT_VERSION = 1;
				DEVELOPMENT_TEAM = 36LZ9MZC38;
				GENERATE_INFOPLIST_FILE = YES;
				IPHONEOS_DEPLOYMENT_TARGET = 16.4;
				MARKETING_VERSION = 1.0;
				PRODUCT_BUNDLE_IDENTIFIER = com.SeekingSophia.DiceyTests;
				PRODUCT_NAME = "$(TARGET_NAME)";
				SWIFT_EMIT_LOC_STRINGS = NO;
				SWIFT_VERSION = 5.0;
				TARGETED_DEVICE_FAMILY = "1,2";
				TEST_HOST = "$(BUILT_PRODUCTS_DIR)/Dicey.app/$(BUNDLE_EXECUTABLE_FOLDER_PATH)/Dicey";
			};
			name = Release;
		};
		374551B92A63057600D9E98E /* Debug */ = {
			isa = XCBuildConfiguration;
			buildSettings = {
				ALWAYS_EMBED_SWIFT_STANDARD_LIBRARIES = YES;
				CODE_SIGN_STYLE = Automatic;
				CURRENT_PROJECT_VERSION = 1;
				DEVELOPMENT_TEAM = 36LZ9MZC38;
				GENERATE_INFOPLIST_FILE = YES;
				MARKETING_VERSION = 1.0;
				PRODUCT_BUNDLE_IDENTIFIER = com.SeekingSophia.DiceyUITests;
				PRODUCT_NAME = "$(TARGET_NAME)";
				SWIFT_EMIT_LOC_STRINGS = NO;
				SWIFT_VERSION = 5.0;
				TARGETED_DEVICE_FAMILY = "1,2";
				TEST_TARGET_NAME = Dicey;
			};
			name = Debug;
		};
		374551BA2A63057600D9E98E /* Release */ = {
			isa = XCBuildConfiguration;
			buildSettings = {
				ALWAYS_EMBED_SWIFT_STANDARD_LIBRARIES = YES;
				CODE_SIGN_STYLE = Automatic;
				CURRENT_PROJECT_VERSION = 1;
				DEVELOPMENT_TEAM = 36LZ9MZC38;
				GENERATE_INFOPLIST_FILE = YES;
				MARKETING_VERSION = 1.0;
				PRODUCT_BUNDLE_IDENTIFIER = com.SeekingSophia.DiceyUITests;
				PRODUCT_NAME = "$(TARGET_NAME)";
				SWIFT_EMIT_LOC_STRINGS = NO;
				SWIFT_VERSION = 5.0;
				TARGETED_DEVICE_FAMILY = "1,2";
				TEST_TARGET_NAME = Dicey;
			};
			name = Release;
		};
/* End XCBuildConfiguration section */

/* Begin XCConfigurationList section */
		374551892A63057500D9E98E /* Build configuration list for PBXProject "Dicey" */ = {
			isa = XCConfigurationList;
			buildConfigurations = (
				374551B02A63057600D9E98E /* Debug */,
				374551B12A63057600D9E98E /* Release */,
			);
			defaultConfigurationIsVisible = 0;
			defaultConfigurationName = Release;
		};
		374551B22A63057600D9E98E /* Build configuration list for PBXNativeTarget "Dicey" */ = {
			isa = XCConfigurationList;
			buildConfigurations = (
				374551B32A63057600D9E98E /* Debug */,
				374551B42A63057600D9E98E /* Release */,
			);
			defaultConfigurationIsVisible = 0;
			defaultConfigurationName = Release;
		};
		374551B52A63057600D9E98E /* Build configuration list for PBXNativeTarget "DiceyTests" */ = {
			isa = XCConfigurationList;
			buildConfigurations = (
				374551B62A63057600D9E98E /* Debug */,
				374551B72A63057600D9E98E /* Release */,
			);
			defaultConfigurationIsVisible = 0;
			defaultConfigurationName = Release;
		};
		374551B82A63057600D9E98E /* Build configuration list for PBXNativeTarget "DiceyUITests" */ = {
			isa = XCConfigurationList;
			buildConfigurations = (
				374551B92A63057600D9E98E /* Debug */,
				374551BA2A63057600D9E98E /* Release */,
			);
			defaultConfigurationIsVisible = 0;
			defaultConfigurationName = Release;
		};
/* End XCConfigurationList section */
	};
	rootObject = 374551862A63057500D9E98E /* Project object */;
}
